// !$*UTF8*$!
{
	archiveVersion = 1;
	classes = {
	};
	objectVersion = 46;
	objects = {

/* Begin PBXBuildFile section */
		0965A6F31962C03900D2F95F /* Foundation.framework in Frameworks */ = {isa = PBXBuildFile; fileRef = 0965A6F21962C03900D2F95F /* Foundation.framework */; };
		0965A6F51962C03900D2F95F /* CoreGraphics.framework in Frameworks */ = {isa = PBXBuildFile; fileRef = 0965A6F41962C03900D2F95F /* CoreGraphics.framework */; };
		0965A6F71962C03900D2F95F /* UIKit.framework in Frameworks */ = {isa = PBXBuildFile; fileRef = 0965A6F61962C03900D2F95F /* UIKit.framework */; };
		0965A6FD1962C03900D2F95F /* InfoPlist.strings in Resources */ = {isa = PBXBuildFile; fileRef = 0965A6FB1962C03900D2F95F /* InfoPlist.strings */; };
		0965A6FF1962C03900D2F95F /* main.m in Sources */ = {isa = PBXBuildFile; fileRef = 0965A6FE1962C03900D2F95F /* main.m */; };
		0965A7031962C03900D2F95F /* AppDelegate.m in Sources */ = {isa = PBXBuildFile; fileRef = 0965A7021962C03900D2F95F /* AppDelegate.m */; };
		0965A7061962C03900D2F95F /* Main.storyboard in Resources */ = {isa = PBXBuildFile; fileRef = 0965A7041962C03900D2F95F /* Main.storyboard */; };
		0965A7091962C03900D2F95F /* ViewController.m in Sources */ = {isa = PBXBuildFile; fileRef = 0965A7081962C03900D2F95F /* ViewController.m */; };
		0965A70B1962C03900D2F95F /* Images.xcassets in Resources */ = {isa = PBXBuildFile; fileRef = 0965A70A1962C03900D2F95F /* Images.xcassets */; };
		0965A7121962C03900D2F95F /* XCTest.framework in Frameworks */ = {isa = PBXBuildFile; fileRef = 0965A7111962C03900D2F95F /* XCTest.framework */; };
		0965A7131962C03900D2F95F /* Foundation.framework in Frameworks */ = {isa = PBXBuildFile; fileRef = 0965A6F21962C03900D2F95F /* Foundation.framework */; };
		0965A7141962C03900D2F95F /* UIKit.framework in Frameworks */ = {isa = PBXBuildFile; fileRef = 0965A6F61962C03900D2F95F /* UIKit.framework */; };
		0965A71C1962C03900D2F95F /* InfoPlist.strings in Resources */ = {isa = PBXBuildFile; fileRef = 0965A71A1962C03900D2F95F /* InfoPlist.strings */; };
		0965A72A1962C42E00D2F95F /* PlayingCard.m in Sources */ = {isa = PBXBuildFile; fileRef = 0965A7291962C42E00D2F95F /* PlayingCard.m */; };
		0965A7301962CD0900D2F95F /* Deck.m in Sources */ = {isa = PBXBuildFile; fileRef = 0965A72F1962CD0900D2F95F /* Deck.m */; };
		0965A7331962CD3100D2F95F /* Cardgaming.m in Sources */ = {isa = PBXBuildFile; fileRef = 0965A7321962CD3100D2F95F /* Cardgaming.m */; };
		0965A7361962D03C00D2F95F /* PLayingCardDeck.m in Sources */ = {isa = PBXBuildFile; fileRef = 0965A7351962D03C00D2F95F /* PLayingCardDeck.m */; };
		0965A73B1962DBD000D2F95F /* Learn_Numbers_WithUnitTestTests.m in Sources */ = {isa = PBXBuildFile; fileRef = 0965A73A1962DBD000D2F95F /* Learn_Numbers_WithUnitTestTests.m */; };
		0965A73F1962E05700D2F95F /* PLayingcadTest.m in Sources */ = {isa = PBXBuildFile; fileRef = 0965A73E1962E05700D2F95F /* PLayingcadTest.m */; };
		09A1BC361963E8D1003DDB23 /* RandomNumbers.m in Sources */ = {isa = PBXBuildFile; fileRef = 09A1BC351963E8D1003DDB23 /* RandomNumbers.m */; };
		09A1BC4519641FC3003DDB23 /* RandomTest.m in Sources */ = {isa = PBXBuildFile; fileRef = 09A1BC4419641FC3003DDB23 /* RandomTest.m */; };
/* End PBXBuildFile section */

/* Begin PBXContainerItemProxy section */
		0965A7151962C03900D2F95F /* PBXContainerItemProxy */ = {
			isa = PBXContainerItemProxy;
			containerPortal = 0965A6E71962C03900D2F95F /* Project object */;
			proxyType = 1;
			remoteGlobalIDString = 0965A6EE1962C03900D2F95F;
			remoteInfo = Learn_Numbers_WithUnitTest;
		};
/* End PBXContainerItemProxy section */

/* Begin PBXFileReference section */
		0965A6EF1962C03900D2F95F /* Learn_Numbers_WithUnitTest.app */ = {isa = PBXFileReference; explicitFileType = wrapper.application; includeInIndex = 0; path = Learn_Numbers_WithUnitTest.app; sourceTree = BUILT_PRODUCTS_DIR; };
		0965A6F21962C03900D2F95F /* Foundation.framework */ = {isa = PBXFileReference; lastKnownFileType = wrapper.framework; name = Foundation.framework; path = System/Library/Frameworks/Foundation.framework; sourceTree = SDKROOT; };
		0965A6F41962C03900D2F95F /* CoreGraphics.framework */ = {isa = PBXFileReference; lastKnownFileType = wrapper.framework; name = CoreGraphics.framework; path = System/Library/Frameworks/CoreGraphics.framework; sourceTree = SDKROOT; };
		0965A6F61962C03900D2F95F /* UIKit.framework */ = {isa = PBXFileReference; lastKnownFileType = wrapper.framework; name = UIKit.framework; path = System/Library/Frameworks/UIKit.framework; sourceTree = SDKROOT; };
		0965A6FA1962C03900D2F95F /* Learn_Numbers_WithUnitTest-Info.plist */ = {isa = PBXFileReference; lastKnownFileType = text.plist.xml; path = "Learn_Numbers_WithUnitTest-Info.plist"; sourceTree = "<group>"; };
		0965A6FC1962C03900D2F95F /* en */ = {isa = PBXFileReference; lastKnownFileType = text.plist.strings; name = en; path = en.lproj/InfoPlist.strings; sourceTree = "<group>"; };
		0965A6FE1962C03900D2F95F /* main.m */ = {isa = PBXFileReference; lastKnownFileType = sourcecode.c.objc; path = main.m; sourceTree = "<group>"; };
		0965A7001962C03900D2F95F /* Learn_Numbers_WithUnitTest-Prefix.pch */ = {isa = PBXFileReference; lastKnownFileType = sourcecode.c.h; path = "Learn_Numbers_WithUnitTest-Prefix.pch"; sourceTree = "<group>"; };
		0965A7011962C03900D2F95F /* AppDelegate.h */ = {isa = PBXFileReference; lastKnownFileType = sourcecode.c.h; path = AppDelegate.h; sourceTree = "<group>"; };
		0965A7021962C03900D2F95F /* AppDelegate.m */ = {isa = PBXFileReference; lastKnownFileType = sourcecode.c.objc; path = AppDelegate.m; sourceTree = "<group>"; };
		0965A7051962C03900D2F95F /* Base */ = {isa = PBXFileReference; lastKnownFileType = file.storyboard; name = Base; path = Base.lproj/Main.storyboard; sourceTree = "<group>"; };
		0965A7071962C03900D2F95F /* ViewController.h */ = {isa = PBXFileReference; lastKnownFileType = sourcecode.c.h; path = ViewController.h; sourceTree = "<group>"; };
		0965A7081962C03900D2F95F /* ViewController.m */ = {isa = PBXFileReference; lastKnownFileType = sourcecode.c.objc; path = ViewController.m; sourceTree = "<group>"; };
		0965A70A1962C03900D2F95F /* Images.xcassets */ = {isa = PBXFileReference; lastKnownFileType = folder.assetcatalog; path = Images.xcassets; sourceTree = "<group>"; };
		0965A7101962C03900D2F95F /* Learn_Numbers_WithUnitTestTests.xctest */ = {isa = PBXFileReference; explicitFileType = wrapper.cfbundle; includeInIndex = 0; path = Learn_Numbers_WithUnitTestTests.xctest; sourceTree = BUILT_PRODUCTS_DIR; };
		0965A7111962C03900D2F95F /* XCTest.framework */ = {isa = PBXFileReference; lastKnownFileType = wrapper.framework; name = XCTest.framework; path = Library/Frameworks/XCTest.framework; sourceTree = DEVELOPER_DIR; };
		0965A7191962C03900D2F95F /* Learn_Numbers_WithUnitTestTests-Info.plist */ = {isa = PBXFileReference; lastKnownFileType = text.plist.xml; path = "Learn_Numbers_WithUnitTestTests-Info.plist"; sourceTree = "<group>"; };
		0965A71B1962C03900D2F95F /* en */ = {isa = PBXFileReference; lastKnownFileType = text.plist.strings; name = en; path = en.lproj/InfoPlist.strings; sourceTree = "<group>"; };
		0965A7281962C42E00D2F95F /* PlayingCard.h */ = {isa = PBXFileReference; fileEncoding = 4; lastKnownFileType = sourcecode.c.h; path = PlayingCard.h; sourceTree = "<group>"; };
		0965A7291962C42E00D2F95F /* PlayingCard.m */ = {isa = PBXFileReference; fileEncoding = 4; lastKnownFileType = sourcecode.c.objc; path = PlayingCard.m; sourceTree = "<group>"; };
		0965A72E1962CD0900D2F95F /* Deck.h */ = {isa = PBXFileReference; fileEncoding = 4; lastKnownFileType = sourcecode.c.h; path = Deck.h; sourceTree = "<group>"; };
		0965A72F1962CD0900D2F95F /* Deck.m */ = {isa = PBXFileReference; fileEncoding = 4; lastKnownFileType = sourcecode.c.objc; path = Deck.m; sourceTree = "<group>"; };
		0965A7311962CD3100D2F95F /* Cardgaming.h */ = {isa = PBXFileReference; fileEncoding = 4; lastKnownFileType = sourcecode.c.h; path = Cardgaming.h; sourceTree = "<group>"; };
		0965A7321962CD3100D2F95F /* Cardgaming.m */ = {isa = PBXFileReference; fileEncoding = 4; lastKnownFileType = sourcecode.c.objc; path = Cardgaming.m; sourceTree = "<group>"; };
		0965A7341962D03C00D2F95F /* PLayingCardDeck.h */ = {isa = PBXFileReference; fileEncoding = 4; lastKnownFileType = sourcecode.c.h; path = PLayingCardDeck.h; sourceTree = "<group>"; };
		0965A7351962D03C00D2F95F /* PLayingCardDeck.m */ = {isa = PBXFileReference; fileEncoding = 4; lastKnownFileType = sourcecode.c.objc; path = PLayingCardDeck.m; sourceTree = "<group>"; };
		0965A73A1962DBD000D2F95F /* Learn_Numbers_WithUnitTestTests.m */ = {isa = PBXFileReference; fileEncoding = 4; lastKnownFileType = sourcecode.c.objc; path = Learn_Numbers_WithUnitTestTests.m; sourceTree = "<group>"; };
		0965A73E1962E05700D2F95F /* PLayingcadTest.m */ = {isa = PBXFileReference; fileEncoding = 4; lastKnownFileType = sourcecode.c.objc; path = PLayingcadTest.m; sourceTree = "<group>"; };
		09A1BC341963E8D1003DDB23 /* RandomNumbers.h */ = {isa = PBXFileReference; fileEncoding = 4; lastKnownFileType = sourcecode.c.h; path = RandomNumbers.h; sourceTree = "<group>"; };
		09A1BC351963E8D1003DDB23 /* RandomNumbers.m */ = {isa = PBXFileReference; fileEncoding = 4; lastKnownFileType = sourcecode.c.objc; path = RandomNumbers.m; sourceTree = "<group>"; };
		09A1BC4319641FC3003DDB23 /* RandomTest.h */ = {isa = PBXFileReference; fileEncoding = 4; lastKnownFileType = sourcecode.c.h; path = RandomTest.h; sourceTree = "<group>"; };
		09A1BC4419641FC3003DDB23 /* RandomTest.m */ = {isa = PBXFileReference; fileEncoding = 4; lastKnownFileType = sourcecode.c.objc; path = RandomTest.m; sourceTree = "<group>"; };
/* End PBXFileReference section */

/* Begin PBXFrameworksBuildPhase section */
		0965A6EC1962C03900D2F95F /* Frameworks */ = {
			isa = PBXFrameworksBuildPhase;
			buildActionMask = 2147483647;
			files = (
				0965A6F51962C03900D2F95F /* CoreGraphics.framework in Frameworks */,
				0965A6F71962C03900D2F95F /* UIKit.framework in Frameworks */,
				0965A6F31962C03900D2F95F /* Foundation.framework in Frameworks */,
			);
			runOnlyForDeploymentPostprocessing = 0;
		};
		0965A70D1962C03900D2F95F /* Frameworks */ = {
			isa = PBXFrameworksBuildPhase;
			buildActionMask = 2147483647;
			files = (
				0965A7121962C03900D2F95F /* XCTest.framework in Frameworks */,
				0965A7141962C03900D2F95F /* UIKit.framework in Frameworks */,
				0965A7131962C03900D2F95F /* Foundation.framework in Frameworks */,
			);
			runOnlyForDeploymentPostprocessing = 0;
		};
/* End PBXFrameworksBuildPhase section */

/* Begin PBXGroup section */
		0965A6E61962C03900D2F95F = {
			isa = PBXGroup;
			children = (
				0965A6F81962C03900D2F95F /* Learn_Numbers_WithUnitTest */,
				0965A7171962C03900D2F95F /* Learn_Numbers_WithUnitTestTests */,
				0965A6F11962C03900D2F95F /* Frameworks */,
				0965A6F01962C03900D2F95F /* Products */,
			);
			sourceTree = "<group>";
		};
		0965A6F01962C03900D2F95F /* Products */ = {
			isa = PBXGroup;
			children = (
				0965A6EF1962C03900D2F95F /* Learn_Numbers_WithUnitTest.app */,
				0965A7101962C03900D2F95F /* Learn_Numbers_WithUnitTestTests.xctest */,
			);
			name = Products;
			sourceTree = "<group>";
		};
		0965A6F11962C03900D2F95F /* Frameworks */ = {
			isa = PBXGroup;
			children = (
				0965A6F21962C03900D2F95F /* Foundation.framework */,
				0965A6F41962C03900D2F95F /* CoreGraphics.framework */,
				0965A6F61962C03900D2F95F /* UIKit.framework */,
				0965A7111962C03900D2F95F /* XCTest.framework */,
			);
			name = Frameworks;
			sourceTree = "<group>";
		};
		0965A6F81962C03900D2F95F /* Learn_Numbers_WithUnitTest */ = {
			isa = PBXGroup;
			children = (
				0965A7271962C31900D2F95F /* ModelClasses */,
				0965A7011962C03900D2F95F /* AppDelegate.h */,
				0965A7021962C03900D2F95F /* AppDelegate.m */,
				0965A7041962C03900D2F95F /* Main.storyboard */,
				0965A7071962C03900D2F95F /* ViewController.h */,
				0965A7081962C03900D2F95F /* ViewController.m */,
				0965A70A1962C03900D2F95F /* Images.xcassets */,
				0965A6F91962C03900D2F95F /* Supporting Files */,
			);
			path = Learn_Numbers_WithUnitTest;
			sourceTree = "<group>";
		};
		0965A6F91962C03900D2F95F /* Supporting Files */ = {
			isa = PBXGroup;
			children = (
				0965A6FA1962C03900D2F95F /* Learn_Numbers_WithUnitTest-Info.plist */,
				0965A6FB1962C03900D2F95F /* InfoPlist.strings */,
				0965A6FE1962C03900D2F95F /* main.m */,
				0965A7001962C03900D2F95F /* Learn_Numbers_WithUnitTest-Prefix.pch */,
			);
			name = "Supporting Files";
			sourceTree = "<group>";
		};
		0965A7171962C03900D2F95F /* Learn_Numbers_WithUnitTestTests */ = {
			isa = PBXGroup;
			children = (
				0965A73A1962DBD000D2F95F /* Learn_Numbers_WithUnitTestTests.m */,
				0965A73E1962E05700D2F95F /* PLayingcadTest.m */,
				09A1BC4319641FC3003DDB23 /* RandomTest.h */,
				09A1BC4419641FC3003DDB23 /* RandomTest.m */,
				0965A7181962C03900D2F95F /* Supporting Files */,
			);
			path = Learn_Numbers_WithUnitTestTests;
			sourceTree = "<group>";
		};
		0965A7181962C03900D2F95F /* Supporting Files */ = {
			isa = PBXGroup;
			children = (
				0965A7191962C03900D2F95F /* Learn_Numbers_WithUnitTestTests-Info.plist */,
				0965A71A1962C03900D2F95F /* InfoPlist.strings */,
			);
			name = "Supporting Files";
			sourceTree = "<group>";
		};
		0965A7271962C31900D2F95F /* ModelClasses */ = {
			isa = PBXGroup;
			children = (
				09A1BC341963E8D1003DDB23 /* RandomNumbers.h */,
				09A1BC351963E8D1003DDB23 /* RandomNumbers.m */,
				0965A7281962C42E00D2F95F /* PlayingCard.h */,
				0965A7291962C42E00D2F95F /* PlayingCard.m */,
				0965A7311962CD3100D2F95F /* Cardgaming.h */,
				0965A7321962CD3100D2F95F /* Cardgaming.m */,
				0965A72E1962CD0900D2F95F /* Deck.h */,
				0965A72F1962CD0900D2F95F /* Deck.m */,
				0965A7341962D03C00D2F95F /* PLayingCardDeck.h */,
				0965A7351962D03C00D2F95F /* PLayingCardDeck.m */,
			);
			name = ModelClasses;
			sourceTree = "<group>";
		};
/* End PBXGroup section */

/* Begin PBXNativeTarget section */
		0965A6EE1962C03900D2F95F /* Learn_Numbers_WithUnitTest */ = {
			isa = PBXNativeTarget;
			buildConfigurationList = 0965A7211962C03900D2F95F /* Build configuration list for PBXNativeTarget "Learn_Numbers_WithUnitTest" */;
			buildPhases = (
				0965A6EB1962C03900D2F95F /* Sources */,
				0965A6EC1962C03900D2F95F /* Frameworks */,
				0965A6ED1962C03900D2F95F /* Resources */,
			);
			buildRules = (
			);
			dependencies = (
			);
			name = Learn_Numbers_WithUnitTest;
			productName = Learn_Numbers_WithUnitTest;
			productReference = 0965A6EF1962C03900D2F95F /* Learn_Numbers_WithUnitTest.app */;
			productType = "com.apple.product-type.application";
		};
		0965A70F1962C03900D2F95F /* Learn_Numbers_WithUnitTestTests */ = {
			isa = PBXNativeTarget;
			buildConfigurationList = 0965A7241962C03900D2F95F /* Build configuration list for PBXNativeTarget "Learn_Numbers_WithUnitTestTests" */;
			buildPhases = (
				0965A70C1962C03900D2F95F /* Sources */,
				0965A70D1962C03900D2F95F /* Frameworks */,
				0965A70E1962C03900D2F95F /* Resources */,
			);
			buildRules = (
			);
			dependencies = (
				0965A7161962C03900D2F95F /* PBXTargetDependency */,
			);
			name = Learn_Numbers_WithUnitTestTests;
			productName = Learn_Numbers_WithUnitTestTests;
			productReference = 0965A7101962C03900D2F95F /* Learn_Numbers_WithUnitTestTests.xctest */;
			productType = "com.apple.product-type.bundle.unit-test";
		};
/* End PBXNativeTarget section */

/* Begin PBXProject section */
		0965A6E71962C03900D2F95F /* Project object */ = {
			isa = PBXProject;
			attributes = {
				LastUpgradeCheck = 0510;
				ORGANIZATIONNAME = "___FULLUSERNAME___";
				TargetAttributes = {
					0965A70F1962C03900D2F95F = {
						TestTargetID = 0965A6EE1962C03900D2F95F;
					};
				};
			};
			buildConfigurationList = 0965A6EA1962C03900D2F95F /* Build configuration list for PBXProject "Learn_Numbers_WithUnitTest" */;
			compatibilityVersion = "Xcode 3.2";
			developmentRegion = English;
			hasScannedForEncodings = 0;
			knownRegions = (
				en,
				Base,
			);
			mainGroup = 0965A6E61962C03900D2F95F;
			productRefGroup = 0965A6F01962C03900D2F95F /* Products */;
			projectDirPath = "";
			projectRoot = "";
			targets = (
				0965A6EE1962C03900D2F95F /* Learn_Numbers_WithUnitTest */,
				0965A70F1962C03900D2F95F /* Learn_Numbers_WithUnitTestTests */,
			);
		};
/* End PBXProject section */

/* Begin PBXResourcesBuildPhase section */
		0965A6ED1962C03900D2F95F /* Resources */ = {
			isa = PBXResourcesBuildPhase;
			buildActionMask = 2147483647;
			files = (
				0965A70B1962C03900D2F95F /* Images.xcassets in Resources */,
				0965A6FD1962C03900D2F95F /* InfoPlist.strings in Resources */,
				0965A7061962C03900D2F95F /* Main.storyboard in Resources */,
			);
			runOnlyForDeploymentPostprocessing = 0;
		};
		0965A70E1962C03900D2F95F /* Resources */ = {
			isa = PBXResourcesBuildPhase;
			buildActionMask = 2147483647;
			files = (
				0965A71C1962C03900D2F95F /* InfoPlist.strings in Resources */,
			);
			runOnlyForDeploymentPostprocessing = 0;
		};
/* End PBXResourcesBuildPhase section */

/* Begin PBXSourcesBuildPhase section */
		0965A6EB1962C03900D2F95F /* Sources */ = {
			isa = PBXSourcesBuildPhase;
			buildActionMask = 2147483647;
			files = (
				0965A7091962C03900D2F95F /* ViewController.m in Sources */,
				0965A7031962C03900D2F95F /* AppDelegate.m in Sources */,
				0965A72A1962C42E00D2F95F /* PlayingCard.m in Sources */,
				0965A7331962CD3100D2F95F /* Cardgaming.m in Sources */,
				0965A7301962CD0900D2F95F /* Deck.m in Sources */,
				0965A7361962D03C00D2F95F /* PLayingCardDeck.m in Sources */,
				0965A6FF1962C03900D2F95F /* main.m in Sources */,
				09A1BC361963E8D1003DDB23 /* RandomNumbers.m in Sources */,
			);
			runOnlyForDeploymentPostprocessing = 0;
		};
		0965A70C1962C03900D2F95F /* Sources */ = {
			isa = PBXSourcesBuildPhase;
			buildActionMask = 2147483647;
			files = (
				0965A73B1962DBD000D2F95F /* Learn_Numbers_WithUnitTestTests.m in Sources */,
				09A1BC4519641FC3003DDB23 /* RandomTest.m in Sources */,
				0965A73F1962E05700D2F95F /* PLayingcadTest.m in Sources */,
			);
			runOnlyForDeploymentPostprocessing = 0;
		};
/* End PBXSourcesBuildPhase section */

/* Begin PBXTargetDependency section */
		0965A7161962C03900D2F95F /* PBXTargetDependency */ = {
			isa = PBXTargetDependency;
			target = 0965A6EE1962C03900D2F95F /* Learn_Numbers_WithUnitTest */;
			targetProxy = 0965A7151962C03900D2F95F /* PBXContainerItemProxy */;
		};
/* End PBXTargetDependency section */

/* Begin PBXVariantGroup section */
		0965A6FB1962C03900D2F95F /* InfoPlist.strings */ = {
			isa = PBXVariantGroup;
			children = (
				0965A6FC1962C03900D2F95F /* en */,
			);
			name = InfoPlist.strings;
			sourceTree = "<group>";
		};
		0965A7041962C03900D2F95F /* Main.storyboard */ = {
			isa = PBXVariantGroup;
			children = (
				0965A7051962C03900D2F95F /* Base */,
			);
			name = Main.storyboard;
			sourceTree = "<group>";
		};
		0965A71A1962C03900D2F95F /* InfoPlist.strings */ = {
			isa = PBXVariantGroup;
			children = (
				0965A71B1962C03900D2F95F /* en */,
			);
			name = InfoPlist.strings;
			sourceTree = "<group>";
		};
/* End PBXVariantGroup section */

/* Begin XCBuildConfiguration section */
		0965A71F1962C03900D2F95F /* Debug */ = {
			isa = XCBuildConfiguration;
			buildSettings = {
				ALWAYS_SEARCH_USER_PATHS = NO;
				CLANG_CXX_LANGUAGE_STANDARD = "gnu++0x";
				CLANG_CXX_LIBRARY = "libc++";
				CLANG_ENABLE_MODULES = YES;
				CLANG_ENABLE_OBJC_ARC = YES;
				CLANG_WARN_BOOL_CONVERSION = YES;
				CLANG_WARN_CONSTANT_CONVERSION = YES;
				CLANG_WARN_DIRECT_OBJC_ISA_USAGE = YES_ERROR;
				CLANG_WARN_EMPTY_BODY = YES;
				CLANG_WARN_ENUM_CONVERSION = YES;
				CLANG_WARN_INT_CONVERSION = YES;
				CLANG_WARN_OBJC_ROOT_CLASS = YES_ERROR;
				CLANG_WARN__DUPLICATE_METHOD_MATCH = YES;
				"CODE_SIGN_IDENTITY[sdk=iphoneos*]" = "iPhone Developer";
				COPY_PHASE_STRIP = NO;
				GCC_C_LANGUAGE_STANDARD = gnu99;
				GCC_DYNAMIC_NO_PIC = NO;
				GCC_OPTIMIZATION_LEVEL = 0;
				GCC_PREPROCESSOR_DEFINITIONS = (
					"DEBUG=1",
					"$(inherited)",
				);
				GCC_SYMBOLS_PRIVATE_EXTERN = NO;
				GCC_WARN_64_TO_32_BIT_CONVERSION = YES;
				GCC_WARN_ABOUT_RETURN_TYPE = YES_ERROR;
				GCC_WARN_UNDECLARED_SELECTOR = YES;
				GCC_WARN_UNINITIALIZED_AUTOS = YES_AGGRESSIVE;
				GCC_WARN_UNUSED_FUNCTION = YES;
				GCC_WARN_UNUSED_VARIABLE = YES;
				IPHONEOS_DEPLOYMENT_TARGET = 7.1;
				ONLY_ACTIVE_ARCH = YES;
				SDKROOT = iphoneos;
				TARGETED_DEVICE_FAMILY = 2;
			};
			name = Debug;
		};
		0965A7201962C03900D2F95F /* Release */ = {
			isa = XCBuildConfiguration;
			buildSettings = {
				ALWAYS_SEARCH_USER_PATHS = NO;
				CLANG_CXX_LANGUAGE_STANDARD = "gnu++0x";
				CLANG_CXX_LIBRARY = "libc++";
				CLANG_ENABLE_MODULES = YES;
				CLANG_ENABLE_OBJC_ARC = YES;
				CLANG_WARN_BOOL_CONVERSION = YES;
				CLANG_WARN_CONSTANT_CONVERSION = YES;
				CLANG_WARN_DIRECT_OBJC_ISA_USAGE = YES_ERROR;
				CLANG_WARN_EMPTY_BODY = YES;
				CLANG_WARN_ENUM_CONVERSION = YES;
				CLANG_WARN_INT_CONVERSION = YES;
				CLANG_WARN_OBJC_ROOT_CLASS = YES_ERROR;
				CLANG_WARN__DUPLICATE_METHOD_MATCH = YES;
				"CODE_SIGN_IDENTITY[sdk=iphoneos*]" = "iPhone Developer";
				COPY_PHASE_STRIP = YES;
				ENABLE_NS_ASSERTIONS = NO;
				GCC_C_LANGUAGE_STANDARD = gnu99;
				GCC_WARN_64_TO_32_BIT_CONVERSION = YES;
				GCC_WARN_ABOUT_RETURN_TYPE = YES_ERROR;
				GCC_WARN_UNDECLARED_SELECTOR = YES;
				GCC_WARN_UNINITIALIZED_AUTOS = YES_AGGRESSIVE;
				GCC_WARN_UNUSED_FUNCTION = YES;
				GCC_WARN_UNUSED_VARIABLE = YES;
				IPHONEOS_DEPLOYMENT_TARGET = 7.1;
				SDKROOT = iphoneos;
				TARGETED_DEVICE_FAMILY = 2;
				VALIDATE_PRODUCT = YES;
			};
			name = Release;
		};
		0965A7221962C03900D2F95F /* Debug */ = {
			isa = XCBuildConfiguration;
			buildSettings = {
				ASSETCATALOG_COMPILER_APPICON_NAME = AppIcon;
				ASSETCATALOG_COMPILER_LAUNCHIMAGE_NAME = LaunchImage;
				GCC_PRECOMPILE_PREFIX_HEADER = YES;
				GCC_PREFIX_HEADER = "Learn_Numbers_WithUnitTest/Learn_Numbers_WithUnitTest-Prefix.pch";
				INFOPLIST_FILE = "Learn_Numbers_WithUnitTest/Learn_Numbers_WithUnitTest-Info.plist";
				PRODUCT_NAME = "$(TARGET_NAME)";
				WRAPPER_EXTENSION = app;
			};
			name = Debug;
		};
		0965A7231962C03900D2F95F /* Release */ = {
			isa = XCBuildConfiguration;
			buildSettings = {
				ASSETCATALOG_COMPILER_APPICON_NAME = AppIcon;
				ASSETCATALOG_COMPILER_LAUNCHIMAGE_NAME = LaunchImage;
				GCC_PRECOMPILE_PREFIX_HEADER = YES;
				GCC_PREFIX_HEADER = "Learn_Numbers_WithUnitTest/Learn_Numbers_WithUnitTest-Prefix.pch";
				INFOPLIST_FILE = "Learn_Numbers_WithUnitTest/Learn_Numbers_WithUnitTest-Info.plist";
				PRODUCT_NAME = "$(TARGET_NAME)";
				WRAPPER_EXTENSION = app;
			};
			name = Release;
		};
		0965A7251962C03900D2F95F /* Debug */ = {
			isa = XCBuildConfiguration;
			buildSettings = {
				BUNDLE_LOADER = "$(BUILT_PRODUCTS_DIR)/Learn_Numbers_WithUnitTest.app/Learn_Numbers_WithUnitTest";
				FRAMEWORK_SEARCH_PATHS = (
					"$(SDKROOT)/Developer/Library/Frameworks",
					"$(inherited)",
					"$(DEVELOPER_FRAMEWORKS_DIR)",
				);
				GCC_PRECOMPILE_PREFIX_HEADER = YES;
				GCC_PREFIX_HEADER = "Learn_Numbers_WithUnitTest/Learn_Numbers_WithUnitTest-Prefix.pch";
				GCC_PREPROCESSOR_DEFINITIONS = (
					"DEBUG=1",
					"$(inherited)",
				);
				INFOPLIST_FILE = "Learn_Numbers_WithUnitTestTests/Learn_Numbers_WithUnitTestTests-Info.plist";
				PRODUCT_NAME = "$(TARGET_NAME)";
				TEST_HOST = "$(BUNDLE_LOADER)";
				WRAPPER_EXTENSION = xctest;
			};
			name = Debug;
		};
		0965A7261962C03900D2F95F /* Release */ = {
			isa = XCBuildConfiguration;
			buildSettings = {
				BUNDLE_LOADER = "$(BUILT_PRODUCTS_DIR)/Learn_Numbers_WithUnitTest.app/Learn_Numbers_WithUnitTest";
				FRAMEWORK_SEARCH_PATHS = (
					"$(SDKROOT)/Developer/Library/Frameworks",
					"$(inherited)",
					"$(DEVELOPER_FRAMEWORKS_DIR)",
				);
				GCC_PRECOMPILE_PREFIX_HEADER = YES;
				GCC_PREFIX_HEADER = "Learn_Numbers_WithUnitTest/Learn_Numbers_WithUnitTest-Prefix.pch";
				INFOPLIST_FILE = "Learn_Numbers_WithUnitTestTests/Learn_Numbers_WithUnitTestTests-Info.plist";
				PRODUCT_NAME = "$(TARGET_NAME)";
				TEST_HOST = "$(BUNDLE_LOADER)";
				WRAPPER_EXTENSION = xctest;
			};
			name = Release;
		};
/* End XCBuildConfiguration section */

/* Begin XCConfigurationList section */
		0965A6EA1962C03900D2F95F /* Build configuration list for PBXProject "Learn_Numbers_WithUnitTest" */ = {
			isa = XCConfigurationList;
			buildConfigurations = (
				0965A71F1962C03900D2F95F /* Debug */,
				0965A7201962C03900D2F95F /* Release */,
			);
			defaultConfigurationIsVisible = 0;
			defaultConfigurationName = Release;
		};
		0965A7211962C03900D2F95F /* Build configuration list for PBXNativeTarget "Learn_Numbers_WithUnitTest" */ = {
			isa = XCConfigurationList;
			buildConfigurations = (
				0965A7221962C03900D2F95F /* Debug */,
				0965A7231962C03900D2F95F /* Release */,
			);
			defaultConfigurationIsVisible = 0;
			defaultConfigurationName = Release;
		};
		0965A7241962C03900D2F95F /* Build configuration list for PBXNativeTarget "Learn_Numbers_WithUnitTestTests" */ = {
			isa = XCConfigurationList;
			buildConfigurations = (
				0965A7251962C03900D2F95F /* Debug */,
				0965A7261962C03900D2F95F /* Release */,
			);
			defaultConfigurationIsVisible = 0;
			defaultConfigurationName = Release;
		};
/* End XCConfigurationList section */
	};
	rootObject = 0965A6E71962C03900D2F95F /* Project object */;
}
